
Microsoft Visual Studio Solution File, Format Version 12.00
# Visual Studio Version 17
VisualStudioVersion = 17.14.36121.58 d17.14
MinimumVisualStudioVersion = 10.0.40219.1
Project("{FAE04EC0-301F-11D3-BF4B-00C04F79EFBC}") = "People", "People.csproj", "{B3CE70F0-698B-45F5-BC94-E4267D33F0B9}"
EndProject
Global
	GlobalSection(SolutionConfigurationPlatforms) = preSolution
		Debug|Any CPU = Debug|Any CPU
		Release|Any CPU = Release|Any CPU
	EndGlobalSection
	GlobalSection(ProjectConfigurationPlatforms) = postSolution
		{B3CE70F0-698B-45F5-BC94-E4267D33F0B9}.Debug|Any CPU.ActiveCfg = Debug|Any CPU
		{B3CE70F0-698B-45F5-BC94-E4267D33F0B9}.Debug|Any CPU.Build.0 = Debug|Any CPU
		{B3CE70F0-698B-45F5-BC94-E4267D33F0B9}.Debug|Any CPU.Deploy.0 = Debug|Any CPU
		{B3CE70F0-698B-45F5-BC94-E4267D33F0B9}.Release|Any CPU.ActiveCfg = Release|Any CPU
		{B3CE70F0-698B-45F5-BC94-E4267D33F0B9}.Release|Any CPU.Build.0 = Release|Any CPU
		{B3CE70F0-698B-45F5-BC94-E4267D33F0B9}.Release|Any CPU.Deploy.0 = Release|Any CPU
	EndGlobalSection
	GlobalSection(SolutionProperties) = preSolution
		HideSolutionNode = FALSE
	EndGlobalSection
	GlobalSection(ExtensibilityGlobals) = postSolution
		SolutionGuid = {4ECA16E5-B97F-4F52-B02E-D80369B574B3}
	EndGlobalSection
EndGlobal
